// !$*UTF8*$!
{
	archiveVersion = 1;
	classes = {
	};
	objectVersion = 48;
	objects = {

/* Begin PBXBuildFile section */
		524190BA1FFCF2DE001F6410 /* WALocation.swift in Sources */ = {isa = PBXBuildFile; fileRef = 524190B91FFCF2DE001F6410 /* WALocation.swift */; };
		524190BC1FFD0096001F6410 /* WAAlert.swift in Sources */ = {isa = PBXBuildFile; fileRef = 524190BB1FFD0096001F6410 /* WAAlert.swift */; };
		52605B28201A3FCC007367BE /* WAHomeVC.swift in Sources */ = {isa = PBXBuildFile; fileRef = 52605B27201A3FCC007367BE /* WAHomeVC.swift */; };
		52605B2E201A4734007367BE /* WALocationCell.swift in Sources */ = {isa = PBXBuildFile; fileRef = 52605B2D201A4734007367BE /* WALocationCell.swift */; };
		52817BF91FEAFF2600F48F0D /* AppDelegate.swift in Sources */ = {isa = PBXBuildFile; fileRef = 52817BF81FEAFF2600F48F0D /* AppDelegate.swift */; };
		52817BFB1FEAFF2600F48F0D /* WAMapView.swift in Sources */ = {isa = PBXBuildFile; fileRef = 52817BFA1FEAFF2600F48F0D /* WAMapView.swift */; };
		52817BFE1FEAFF2600F48F0D /* Main.storyboard in Resources */ = {isa = PBXBuildFile; fileRef = 52817BFC1FEAFF2600F48F0D /* Main.storyboard */; };
		52817C001FEAFF2600F48F0D /* Assets.xcassets in Resources */ = {isa = PBXBuildFile; fileRef = 52817BFF1FEAFF2600F48F0D /* Assets.xcassets */; };
		52817C031FEAFF2600F48F0D /* LaunchScreen.storyboard in Resources */ = {isa = PBXBuildFile; fileRef = 52817C011FEAFF2600F48F0D /* LaunchScreen.storyboard */; };
		5282B1B3202B57BC00B944F6 /* WAForecast.swift in Sources */ = {isa = PBXBuildFile; fileRef = 5282B1B2202B57BC00B944F6 /* WAForecast.swift */; };
		52B55F1C2004FF9B00A7E563 /* WAProfile.swift in Sources */ = {isa = PBXBuildFile; fileRef = 52B55F1B2004FF9B00A7E563 /* WAProfile.swift */; };
/* End PBXBuildFile section */

/* Begin PBXFileReference section */
		524190B91FFCF2DE001F6410 /* WALocation.swift */ = {isa = PBXFileReference; lastKnownFileType = sourcecode.swift; path = WALocation.swift; sourceTree = "<group>"; };
		524190BB1FFD0096001F6410 /* WAAlert.swift */ = {isa = PBXFileReference; lastKnownFileType = sourcecode.swift; path = WAAlert.swift; sourceTree = "<group>"; };
		52605B27201A3FCC007367BE /* WAHomeVC.swift */ = {isa = PBXFileReference; lastKnownFileType = sourcecode.swift; path = WAHomeVC.swift; sourceTree = "<group>"; };
		52605B2D201A4734007367BE /* WALocationCell.swift */ = {isa = PBXFileReference; lastKnownFileType = sourcecode.swift; path = WALocationCell.swift; sourceTree = "<group>"; };
		52817BF51FEAFF2600F48F0D /* Weathalert.app */ = {isa = PBXFileReference; explicitFileType = wrapper.application; includeInIndex = 0; path = Weathalert.app; sourceTree = BUILT_PRODUCTS_DIR; };
		52817BF81FEAFF2600F48F0D /* AppDelegate.swift */ = {isa = PBXFileReference; lastKnownFileType = sourcecode.swift; path = AppDelegate.swift; sourceTree = "<group>"; };
		52817BFA1FEAFF2600F48F0D /* WAMapView.swift */ = {isa = PBXFileReference; lastKnownFileType = sourcecode.swift; path = WAMapView.swift; sourceTree = "<group>"; };
		52817BFD1FEAFF2600F48F0D /* Base */ = {isa = PBXFileReference; lastKnownFileType = file.storyboard; name = Base; path = Base.lproj/Main.storyboard; sourceTree = "<group>"; };
		52817BFF1FEAFF2600F48F0D /* Assets.xcassets */ = {isa = PBXFileReference; lastKnownFileType = folder.assetcatalog; path = Assets.xcassets; sourceTree = "<group>"; };
		52817C021FEAFF2600F48F0D /* Base */ = {isa = PBXFileReference; lastKnownFileType = file.storyboard; name = Base; path = Base.lproj/LaunchScreen.storyboard; sourceTree = "<group>"; };
		52817C041FEAFF2600F48F0D /* Info.plist */ = {isa = PBXFileReference; lastKnownFileType = text.plist.xml; path = Info.plist; sourceTree = "<group>"; };
		5282B1B2202B57BC00B944F6 /* WAForecast.swift */ = {isa = PBXFileReference; lastKnownFileType = sourcecode.swift; path = WAForecast.swift; sourceTree = "<group>"; };
		52B55F1B2004FF9B00A7E563 /* WAProfile.swift */ = {isa = PBXFileReference; lastKnownFileType = sourcecode.swift; path = WAProfile.swift; sourceTree = "<group>"; };
/* End PBXFileReference section */

/* Begin PBXFrameworksBuildPhase section */
		52817BF21FEAFF2600F48F0D /* Frameworks */ = {
			isa = PBXFrameworksBuildPhase;
			buildActionMask = 2147483647;
			files = (
			);
			runOnlyForDeploymentPostprocessing = 0;
		};
/* End PBXFrameworksBuildPhase section */

/* Begin PBXGroup section */
		52605B24201A3F3C007367BE /* WA_VCs */ = {
			isa = PBXGroup;
			children = (
				52605B27201A3FCC007367BE /* WAHomeVC.swift */,
				52817BFA1FEAFF2600F48F0D /* WAMapView.swift */,
			);
			path = WA_VCs;
			sourceTree = "<group>";
		};
		52605B25201A3F48007367BE /* WA_Objects */ = {
			isa = PBXGroup;
			children = (
				52B55F1B2004FF9B00A7E563 /* WAProfile.swift */,
				524190B91FFCF2DE001F6410 /* WALocation.swift */,
				5282B1B2202B57BC00B944F6 /* WAForecast.swift */,
				524190BB1FFD0096001F6410 /* WAAlert.swift */,
			);
			path = WA_Objects;
			sourceTree = "<group>";
		};
		52605B26201A3F60007367BE /* WA_General */ = {
			isa = PBXGroup;
			children = (
				52817BF81FEAFF2600F48F0D /* AppDelegate.swift */,
			);
			path = WA_General;
			sourceTree = "<group>";
		};
		52605B2C201A46FB007367BE /* WA_Cells */ = {
			isa = PBXGroup;
			children = (
				52605B2D201A4734007367BE /* WALocationCell.swift */,
			);
			path = WA_Cells;
			sourceTree = "<group>";
		};
		52817BEC1FEAFF2600F48F0D = {
			isa = PBXGroup;
			children = (
				52817BF71FEAFF2600F48F0D /* Weathalert */,
				52817BF61FEAFF2600F48F0D /* Products */,
			);
			sourceTree = "<group>";
		};
		52817BF61FEAFF2600F48F0D /* Products */ = {
			isa = PBXGroup;
			children = (
				52817BF51FEAFF2600F48F0D /* Weathalert.app */,
			);
			name = Products;
			sourceTree = "<group>";
		};
		52817BF71FEAFF2600F48F0D /* Weathalert */ = {
			isa = PBXGroup;
			children = (
				52605B26201A3F60007367BE /* WA_General */,
				52605B25201A3F48007367BE /* WA_Objects */,
				52605B24201A3F3C007367BE /* WA_VCs */,
				52605B2C201A46FB007367BE /* WA_Cells */,
				52817BFC1FEAFF2600F48F0D /* Main.storyboard */,
				52817BFF1FEAFF2600F48F0D /* Assets.xcassets */,
				52817C011FEAFF2600F48F0D /* LaunchScreen.storyboard */,
				52817C041FEAFF2600F48F0D /* Info.plist */,
			);
			path = Weathalert;
			sourceTree = "<group>";
		};
/* End PBXGroup section */

/* Begin PBXNativeTarget section */
		52817BF41FEAFF2600F48F0D /* Weathalert */ = {
			isa = PBXNativeTarget;
			buildConfigurationList = 52817C071FEAFF2600F48F0D /* Build configuration list for PBXNativeTarget "Weathalert" */;
			buildPhases = (
				52817BF11FEAFF2600F48F0D /* Sources */,
				52817BF21FEAFF2600F48F0D /* Frameworks */,
				52817BF31FEAFF2600F48F0D /* Resources */,
			);
			buildRules = (
			);
			dependencies = (
			);
			name = Weathalert;
			productName = Weathalert;
			productReference = 52817BF51FEAFF2600F48F0D /* Weathalert.app */;
			productType = "com.apple.product-type.application";
		};
/* End PBXNativeTarget section */

/* Begin PBXProject section */
		52817BED1FEAFF2600F48F0D /* Project object */ = {
			isa = PBXProject;
			attributes = {
				LastSwiftUpdateCheck = 0920;
				LastUpgradeCheck = 0920;
				ORGANIZATIONNAME = "Smiles Dev";
				TargetAttributes = {
					52817BF41FEAFF2600F48F0D = {
						CreatedOnToolsVersion = 9.2;
						ProvisioningStyle = Automatic;
					};
				};
			};
			buildConfigurationList = 52817BF01FEAFF2600F48F0D /* Build configuration list for PBXProject "Weathalert" */;
			compatibilityVersion = "Xcode 8.0";
			developmentRegion = en;
			hasScannedForEncodings = 0;
			knownRegions = (
				en,
				Base,
			);
			mainGroup = 52817BEC1FEAFF2600F48F0D;
			productRefGroup = 52817BF61FEAFF2600F48F0D /* Products */;
			projectDirPath = "";
			projectRoot = "";
			targets = (
				52817BF41FEAFF2600F48F0D /* Weathalert */,
			);
		};
/* End PBXProject section */

/* Begin PBXResourcesBuildPhase section */
		52817BF31FEAFF2600F48F0D /* Resources */ = {
			isa = PBXResourcesBuildPhase;
			buildActionMask = 2147483647;
			files = (
				52817C031FEAFF2600F48F0D /* LaunchScreen.storyboard in Resources */,
				52817C001FEAFF2600F48F0D /* Assets.xcassets in Resources */,
				52817BFE1FEAFF2600F48F0D /* Main.storyboard in Resources */,
			);
			runOnlyForDeploymentPostprocessing = 0;
		};
/* End PBXResourcesBuildPhase section */

/* Begin PBXSourcesBuildPhase section */
		52817BF11FEAFF2600F48F0D /* Sources */ = {
			isa = PBXSourcesBuildPhase;
			buildActionMask = 2147483647;
			files = (
				524190BA1FFCF2DE001F6410 /* WALocation.swift in Sources */,
				52B55F1C2004FF9B00A7E563 /* WAProfile.swift in Sources */,
				5282B1B3202B57BC00B944F6 /* WAForecast.swift in Sources */,
				524190BC1FFD0096001F6410 /* WAAlert.swift in Sources */,
				52605B2E201A4734007367BE /* WALocationCell.swift in Sources */,
				52817BFB1FEAFF2600F48F0D /* WAMapView.swift in Sources */,
				52817BF91FEAFF2600F48F0D /* AppDelegate.swift in Sources */,
				52605B28201A3FCC007367BE /* WAHomeVC.swift in Sources */,
			);
			runOnlyForDeploymentPostprocessing = 0;
		};
/* End PBXSourcesBuildPhase section */

/* Begin PBXVariantGroup section */
		52817BFC1FEAFF2600F48F0D /* Main.storyboard */ = {
			isa = PBXVariantGroup;
			children = (
				52817BFD1FEAFF2600F48F0D /* Base */,
			);
			name = Main.storyboard;
			sourceTree = "<group>";
		};
		52817C011FEAFF2600F48F0D /* LaunchScreen.storyboard */ = {
			isa = PBXVariantGroup;
			children = (
				52817C021FEAFF2600F48F0D /* Base */,
			);
			name = LaunchScreen.storyboard;
			sourceTree = "<group>";
		};
/* End PBXVariantGroup section */

/* Begin XCBuildConfiguration section */
		52817C051FEAFF2600F48F0D /* Debug */ = {
			isa = XCBuildConfiguration;
			buildSettings = {
				ALWAYS_SEARCH_USER_PATHS = NO;
				CLANG_ANALYZER_NONNULL = YES;
				CLANG_ANALYZER_NUMBER_OBJECT_CONVERSION = YES_AGGRESSIVE;
				CLANG_CXX_LANGUAGE_STANDARD = "gnu++14";
				CLANG_CXX_LIBRARY = "libc++";
				CLANG_ENABLE_MODULES = YES;
				CLANG_ENABLE_OBJC_ARC = YES;
				CLANG_WARN_BLOCK_CAPTURE_AUTORELEASING = YES;
				CLANG_WARN_BOOL_CONVERSION = YES;
				CLANG_WARN_COMMA = YES;
				CLANG_WARN_CONSTANT_CONVERSION = YES;
				CLANG_WARN_DIRECT_OBJC_ISA_USAGE = YES_ERROR;
				CLANG_WARN_DOCUMENTATION_COMMENTS = YES;
				CLANG_WARN_EMPTY_BODY = YES;
				CLANG_WARN_ENUM_CONVERSION = YES;
				CLANG_WARN_INFINITE_RECURSION = YES;
				CLANG_WARN_INT_CONVERSION = YES;
				CLANG_WARN_NON_LITERAL_NULL_CONVERSION = YES;
				CLANG_WARN_OBJC_LITERAL_CONVERSION = YES;
				CLANG_WARN_OBJC_ROOT_CLASS = YES_ERROR;
				CLANG_WARN_RANGE_LOOP_ANALYSIS = YES;
				CLANG_WARN_STRICT_PROTOTYPES = YES;
				CLANG_WARN_SUSPICIOUS_MOVE = YES;
				CLANG_WARN_UNGUARDED_AVAILABILITY = YES_AGGRESSIVE;
				CLANG_WARN_UNREACHABLE_CODE = YES;
				CLANG_WARN__DUPLICATE_METHOD_MATCH = YES;
				CODE_SIGN_IDENTITY = "iPhone Developer";
				COPY_PHASE_STRIP = NO;
				DEBUG_INFORMATION_FORMAT = dwarf;
				ENABLE_STRICT_OBJC_MSGSEND = YES;
				ENABLE_TESTABILITY = YES;
				GCC_C_LANGUAGE_STANDARD = gnu11;
				GCC_DYNAMIC_NO_PIC = NO;
				GCC_NO_COMMON_BLOCKS = YES;
				GCC_OPTIMIZATION_LEVEL = 0;
				GCC_PREPROCESSOR_DEFINITIONS = (
					"DEBUG=1",
					"$(inherited)",
				);
				GCC_WARN_64_TO_32_BIT_CONVERSION = YES;
				GCC_WARN_ABOUT_RETURN_TYPE = YES_ERROR;
				GCC_WARN_UNDECLARED_SELECTOR = YES;
				GCC_WARN_UNINITIALIZED_AUTOS = YES_AGGRESSIVE;
				GCC_WARN_UNUSED_FUNCTION = YES;
				GCC_WARN_UNUSED_VARIABLE = YES;
				IPHONEOS_DEPLOYMENT_TARGET = 11.2;
				MTL_ENABLE_DEBUG_INFO = YES;
				ONLY_ACTIVE_ARCH = YES;
				SDKROOT = iphoneos;
				SWIFT_ACTIVE_COMPILATION_CONDITIONS = DEBUG;
				SWIFT_OPTIMIZATION_LEVEL = "-Onone";
			};
			name = Debug;
		};
		52817C061FEAFF2600F48F0D /* Release */ = {
			isa = XCBuildConfiguration;
			buildSettings = {
				ALWAYS_SEARCH_USER_PATHS = NO;
				CLANG_ANALYZER_NONNULL = YES;
				CLANG_ANALYZER_NUMBER_OBJECT_CONVERSION = YES_AGGRESSIVE;
				CLANG_CXX_LANGUAGE_STANDARD = "gnu++14";
				CLANG_CXX_LIBRARY = "libc++";
				CLANG_ENABLE_MODULES = YES;
				CLANG_ENABLE_OBJC_ARC = YES;
				CLANG_WARN_BLOCK_CAPTURE_AUTORELEASING = YES;
				CLANG_WARN_BOOL_CONVERSION = YES;
				CLANG_WARN_COMMA = YES;
				CLANG_WARN_CONSTANT_CONVERSION = YES;
				CLANG_WARN_DIRECT_OBJC_ISA_USAGE = YES_ERROR;
				CLANG_WARN_DOCUMENTATION_COMMENTS = YES;
				CLANG_WARN_EMPTY_BODY = YES;
				CLANG_WARN_ENUM_CONVERSION = YES;
				CLANG_WARN_INFINITE_RECURSION = YES;
				CLANG_WARN_INT_CONVERSION = YES;
				CLANG_WARN_NON_LITERAL_NULL_CONVERSION = YES;
				CLANG_WARN_OBJC_LITERAL_CONVERSION = YES;
				CLANG_WARN_OBJC_ROOT_CLASS = YES_ERROR;
				CLANG_WARN_RANGE_LOOP_ANALYSIS = YES;
				CLANG_WARN_STRICT_PROTOTYPES = YES;
				CLANG_WARN_SUSPICIOUS_MOVE = YES;
				CLANG_WARN_UNGUARDED_AVAILABILITY = YES_AGGRESSIVE;
				CLANG_WARN_UNREACHABLE_CODE = YES;
				CLANG_WARN__DUPLICATE_METHOD_MATCH = YES;
				CODE_SIGN_IDENTITY = "iPhone Developer";
				COPY_PHASE_STRIP = NO;
				DEBUG_INFORMATION_FORMAT = "dwarf-with-dsym";
				ENABLE_NS_ASSERTIONS = NO;
				ENABLE_STRICT_OBJC_MSGSEND = YES;
				GCC_C_LANGUAGE_STANDARD = gnu11;
				GCC_NO_COMMON_BLOCKS = YES;
				GCC_WARN_64_TO_32_BIT_CONVERSION = YES;
				GCC_WARN_ABOUT_RETURN_TYPE = YES_ERROR;
				GCC_WARN_UNDECLARED_SELECTOR = YES;
				GCC_WARN_UNINITIALIZED_AUTOS = YES_AGGRESSIVE;
				GCC_WARN_UNUSED_FUNCTION = YES;
				GCC_WARN_UNUSED_VARIABLE = YES;
				IPHONEOS_DEPLOYMENT_TARGET = 11.2;
				MTL_ENABLE_DEBUG_INFO = NO;
				SDKROOT = iphoneos;
				SWIFT_OPTIMIZATION_LEVEL = "-Owholemodule";
				VALIDATE_PRODUCT = YES;
			};
			name = Release;
		};
		52817C081FEAFF2600F48F0D /* Debug */ = {
			isa = XCBuildConfiguration;
			buildSettings = {
				ASSETCATALOG_COMPILER_APPICON_NAME = AppIcon;
				CODE_SIGN_STYLE = Automatic;
				DEVELOPMENT_TEAM = P7RXLQJ55N;
				INFOPLIST_FILE = Weathalert/Info.plist;
				LD_RUNPATH_SEARCH_PATHS = "$(inherited) @executable_path/Frameworks";
				PRODUCT_BUNDLE_IDENTIFIER = com.SmilesDev.Weathalert;
				PRODUCT_NAME = "$(TARGET_NAME)";
				SWIFT_VERSION = 4.0;
				TARGETED_DEVICE_FAMILY = "1,2";
			};
			name = Debug;
		};
		52817C091FEAFF2600F48F0D /* Release */ = {
			isa = XCBuildConfiguration;
			buildSettings = {
				ASSETCATALOG_COMPILER_APPICON_NAME = AppIcon;
				CODE_SIGN_STYLE = Automatic;
				DEVELOPMENT_TEAM = P7RXLQJ55N;
				INFOPLIST_FILE = Weathalert/Info.plist;
				LD_RUNPATH_SEARCH_PATHS = "$(inherited) @executable_path/Frameworks";
				PRODUCT_BUNDLE_IDENTIFIER = com.SmilesDev.Weathalert;
				PRODUCT_NAME = "$(TARGET_NAME)";
				SWIFT_VERSION = 4.0;
				TARGETED_DEVICE_FAMILY = "1,2";
			};
			name = Release;
		};
/* End XCBuildConfiguration section */

/* Begin XCConfigurationList section */
		52817BF01FEAFF2600F48F0D /* Build configuration list for PBXProject "Weathalert" */ = {
			isa = XCConfigurationList;
			buildConfigurations = (
				52817C051FEAFF2600F48F0D /* Debug */,
				52817C061FEAFF2600F48F0D /* Release */,
			);
			defaultConfigurationIsVisible = 0;
			defaultConfigurationName = Release;
		};
		52817C071FEAFF2600F48F0D /* Build configuration list for PBXNativeTarget "Weathalert" */ = {
			isa = XCConfigurationList;
			buildConfigurations = (
				52817C081FEAFF2600F48F0D /* Debug */,
				52817C091FEAFF2600F48F0D /* Release */,
			);
			defaultConfigurationIsVisible = 0;
			defaultConfigurationName = Release;
		};
/* End XCConfigurationList section */
	};
	rootObject = 52817BED1FEAFF2600F48F0D /* Project object */;
}
